# This file is autogenerated, do not edit; changes may be undone by the next 'dep ensure'.


[[projects]]
  branch = "master"
  name = "github.com/RangelReale/osin"
  packages = ["."]
  revision = "2f5f7674c44822fc44682c117025ccb0752627f8"

[[projects]]
  branch = "master"
  name = "github.com/boj/redistore"
  packages = ["."]
  revision = "4562487a4bee9a7c272b72bfaeda4917d0a47ab9"

[[projects]]
  branch = "master"
  name = "github.com/coocood/freecache"
  packages = ["."]
  revision = "1aa53c26cb85c33eef6d832305447982e95f844c"

[[projects]]
  name = "github.com/davecgh/go-spew"
  packages = ["spew"]
  revision = "346938d642f2ec3594ed81d874461961cd0faa76"
  version = "v1.1.0"

[[projects]]
  branch = "master"
  name = "github.com/dchest/authcookie"
  packages = ["."]
  revision = "fbdef6e998665bcb27a2227f39d840dbfc62a918"

[[projects]]
  branch = "master"
  name = "github.com/dchest/passwordreset"
  packages = ["."]
  revision = "642cf836ac8dfd4ddec7a28cbef7b00da0807812"

[[projects]]
  name = "github.com/dgrijalva/jwt-go"
  packages = ["."]
  revision = "24c63f56522a87ec5339cc3567883f1039378fdb"

[[projects]]
  branch = "master"
  name = "github.com/go-ldap/ldap"
  packages = ["."]
  revision = "95ede1266b237bf8e9aa5dce0b3250e51bfefe66"

[[projects]]
  branch = "master"
  name = "github.com/golang/protobuf"
  packages = ["proto"]
  revision = "ab9f9a6dab164b7d1246e0e688b0ab7b94d8553e"

[[projects]]
  branch = "master"
  name = "github.com/gorilla/context"
  packages = ["."]
  revision = "aed02d124ae4a0e94fea4541c8effd05bf0c8296"

[[projects]]
  branch = "master"
  name = "github.com/gorilla/securecookie"
  packages = ["."]
  revision = "e59506cc896acb7f7bf732d4fdf5e25f7ccd8983"

[[projects]]
  branch = "master"
  name = "github.com/gorilla/sessions"
  packages = ["."]
  revision = "ba78acc856fe7c79891d516131b3d903cc8d9367"

[[projects]]
  branch = "master"
  name = "github.com/jmoiron/sqlx"
  packages = [".","reflectx"]
  revision = "3564e3a314b957a161fefa0e7aea85b4d741c94e"

[[projects]]
  branch = "master"
  name = "github.com/json-iterator/go"
  packages = ["."]
  revision = "8b0360418449ea45a97fd198b3ee29dcbf4dca65"

[[projects]]
  branch = "master"
  name = "github.com/lib/pq"
  packages = [".","oid"]
  revision = "e42267488fe361b9dc034be7a6bffef5b195bceb"

[[projects]]
  branch = "master"
  name = "github.com/liut/keeper"
  packages = [".","utils/numbers"]
  revision = "0c18b3ae34f76fcdd785472e5d4cb0f8f0cb71f3"

[[projects]]
  branch = "master"
  name = "github.com/liut/pgstore"
  packages = ["."]
  revision = "67891484b8b9c764a9a7de15201e1fdf0f609362"

[[projects]]
  branch = "master"
  name = "github.com/mattn/go-isatty"
  packages = ["."]
  revision = "fc9e8d8ef48496124e79ae0df75490096eccf6fe"

[[projects]]
  branch = "master"
  name = "github.com/microcosm-cc/bluemonday"
  packages = ["."]
  revision = "fcd0f5074e55df204568c7419509fb59ddcad228"

[[projects]]
  branch = "master"
  name = "github.com/pborman/uuid"
  packages = ["."]
  revision = "3d4f2ba23642d3cfd06bd4b54cf03d99d95c0f1b"

[[projects]]
  name = "github.com/pmezard/go-difflib"
  packages = ["difflib"]
  revision = "792786c7400a136282c1664665ae0a8db921c6c2"
  version = "v1.0.0"

[[projects]]
  branch = "master"
  name = "github.com/rakyll/statik"
  packages = ["fs"]
  revision = "89fe3459b5c829c32e89bdff9c43f18aad728f2f"

[[projects]]
  branch = "v2"
  name = "github.com/russross/blackfriday"
  packages = ["."]
  revision = "a4dd8ad4a6fda03e68be3eacb71efbf51565415e"

[[projects]]
  branch = "master"
  name = "github.com/shurcooL/sanitized_anchor_name"
  packages = ["."]
  revision = "1dba4b3954bc059efc3991ec364f9f9a35f597d2"

[[projects]]
  branch = "master"
  name = "github.com/spaolacci/murmur3"
  packages = ["."]
  revision = "0d12bf811670bf6a1a63828dfbd003eded177fce"

[[projects]]
  branch = "master"
  name = "github.com/stretchr/testify"
  packages = ["assert"]
  revision = "976c720a22c8eb4eb6a0b4348ad85ad12491a506"

[[projects]]
  branch = "master"
  name = "github.com/tj/go-debug"
  packages = ["."]
  revision = "ff4a55a20a86994118644bbddc6a216da193cc13"

[[projects]]
  branch = "master"
  name = "github.com/ugorji/go"
  packages = ["codec"]
  revision = "187fa0f8af224437e08ecb3f208c4d1a94859a61"

[[projects]]
  branch = "master"
  name = "github.com/wealthworks/csmtp"
  packages = ["."]
  revision = "7162ded0094a22fe8780dff35d2b7cc07c2c5115"

[[projects]]
  branch = "master"
  name = "github.com/wealthworks/envflagset"
  packages = ["."]
  revision = "f382ae2fc06384da7e11ff1166bf59cf30246f7d"

[[projects]]
  branch = "master"
  name = "github.com/wealthworks/go-tencent-api"
  packages = ["client","exmail","exwechat","gender"]
  revision = "3b13275103e01f5045ac3ef39a0b4d2afe2aa42a"

[[projects]]
  branch = "master"
  name = "github.com/wealthworks/go-utils"
  packages = ["reaper"]
  revision = "eeb719fe278fbafb65a5ec059f142abd38e77f4e"

[[projects]]
  branch = "master"
  name = "golang.org/x/net"
  packages = ["context","html","html/atom"]
  revision = "66aacef3dd8a676686c7ae3716979581e8b03c47"

[[projects]]
  branch = "master"
  name = "golang.org/x/sys"
  packages = ["unix"]
  revision = "2d6f6f883a06fc0d5f4b14a81e4c28705ea64c15"

[[projects]]
  name = "google.golang.org/appengine"
  packages = [".","datastore","internal","internal/app_identity","internal/base","internal/datastore","internal/log","internal/modules","internal/remote_api"]
  revision = "150dc57a1b433e64154302bdc40b6bb8aefa313a"
  version = "v1.0.0"

[[projects]]
  branch = "master"
  name = "gopkg.in/asn1-ber.v1"
  packages = ["."]
  revision = "4e86f4367175e39f69d9358a5f17b4dda270378d"

[[projects]]
  branch = "master"
  name = "gopkg.in/go-playground/validator.v8"
  packages = ["."]
  revision = "014792cf3e266caff1e916876be12282b33059e0"

[[projects]]
  branch = "master"
  name = "gopkg.in/vmihailenco/msgpack.v2"
  packages = [".","codes"]
  revision = "775d4b0cf44d799d42a1f6fded02252340f4e33d"

[[projects]]
  branch = "master"
  name = "gopkg.in/yaml.v2"
  packages = ["."]
  revision = "3b4ad1db5b2a649883ff3782f5f9f6fb52be71af"

[solve-meta]
  analyzer-name = "dep"
  analyzer-version = 1
  inputs-digest = "d7ee1281068effede57eed1909776445edd0b930ce2a84ed4471f44934dff2c0"
  solver-name = "gps-cdcl"
  solver-version = 1
